
Microsoft Visual Studio Solution File, Format Version 12.00
# Visual Studio Version 16
VisualStudioVersion = 16.0.30011.22
MinimumVisualStudioVersion = 10.0.40219.1
Project("{FAE04EC0-301F-11D3-BF4B-00C04F79EFBC}") = "LemonadeStandProject", "LemonadeStandProject\LemonadeStandProject.csproj", "{203EF537-F1B1-4A3C-9D09-244F6C3CB56D}"
EndProject
Global
	GlobalSection(SolutionConfigurationPlatforms) = preSolution
		Debug|Any CPU = Debug|Any CPU
		Release|Any CPU = Release|Any CPU
	EndGlobalSection
	GlobalSection(ProjectConfigurationPlatforms) = postSolution
		{203EF537-F1B1-4A3C-9D09-244F6C3CB56D}.Debug|Any CPU.ActiveCfg = Debug|Any CPU
		{203EF537-F1B1-4A3C-9D09-244F6C3CB56D}.Debug|Any CPU.Build.0 = Debug|Any CPU
		{203EF537-F1B1-4A3C-9D09-244F6C3CB56D}.Release|Any CPU.ActiveCfg = Release|Any CPU
		{203EF537-F1B1-4A3C-9D09-244F6C3CB56D}.Release|Any CPU.Build.0 = Release|Any CPU
	EndGlobalSection
	GlobalSection(SolutionProperties) = preSolution
		HideSolutionNode = FALSE
	EndGlobalSection
	GlobalSection(ExtensibilityGlobals) = postSolution
		SolutionGuid = {E27834CC-3694-4E04-8EEB-FDAE288CE88C}
	EndGlobalSection
EndGlobal
